
Microsoft Visual Studio Solution File, Format Version 12.00
# Visual Studio 15
VisualStudioVersion = 15.0.28307.779
MinimumVisualStudioVersion = 10.0.40219.1
Project("{FAE04EC0-301F-11D3-BF4B-00C04F79EFBC}") = "Web_API_SGH", "Web_API_SGH\Web_API_SGH.csproj", "{353A1559-8BDF-4D85-AFEA-7E580BBC538C}"
EndProject
Global
	GlobalSection(SolutionConfigurationPlatforms) = preSolution
		Debug|Any CPU = Debug|Any CPU
		Release|Any CPU = Release|Any CPU
	EndGlobalSection
	GlobalSection(ProjectConfigurationPlatforms) = postSolution
		{353A1559-8BDF-4D85-AFEA-7E580BBC538C}.Debug|Any CPU.ActiveCfg = Debug|Any CPU
		{353A1559-8BDF-4D85-AFEA-7E580BBC538C}.Debug|Any CPU.Build.0 = Debug|Any CPU
		{353A1559-8BDF-4D85-AFEA-7E580BBC538C}.Release|Any CPU.ActiveCfg = Release|Any CPU
		{353A1559-8BDF-4D85-AFEA-7E580BBC538C}.Release|Any CPU.Build.0 = Release|Any CPU
	EndGlobalSection
	GlobalSection(SolutionProperties) = preSolution
		HideSolutionNode = FALSE
	EndGlobalSection
	GlobalSection(ExtensibilityGlobals) = postSolution
		SolutionGuid = {62BAD0EA-1A19-49C7-B88B-DCA6966F772A}
	EndGlobalSection
EndGlobal
